
Microsoft Visual Studio Solution File, Format Version 12.00
# Visual Studio Version 16
VisualStudioVersion = 16.0.29519.87
MinimumVisualStudioVersion = 10.0.40219.1
Project("{9A19103F-16F7-4668-BE54-9A1E7A4F7556}") = "NetCoreFreeSqlDemo.Application", "NetCoreFreeSqlDemo.Application\NetCoreFreeSqlDemo.Application.csproj", "{C312F6AA-76CC-4272-A690-231B9F3CA9E8}"
EndProject
Project("{9A19103F-16F7-4668-BE54-9A1E7A4F7556}") = "NetCoreFreeSqlDemo.Infrastructure", "NetCoreFreeSqlDemo.Infrastructure\NetCoreFreeSqlDemo.Infrastructure.csproj", "{8791B8A9-1A64-4047-9D94-C2135C12D47C}"
EndProject
Project("{9A19103F-16F7-4668-BE54-9A1E7A4F7556}") = "NetCoreFreeSqlDemo.Utility", "NetCoreFreeSqlDemo.Utility\NetCoreFreeSqlDemo.Utility.csproj", "{D5C4B086-84DA-45F2-9C91-7CA060ED430A}"
EndProject
Project("{2150E333-8FDC-42A3-9474-1A3956D46DE8}") = "src", "src", "{5C296079-27D4-4A6A-8A2F-FE7ADA9B89C0}"
EndProject
Project("{FAE04EC0-301F-11D3-BF4B-00C04F79EFBC}") = "NetCoreFreeSqlDemo.WebApi", "NetCoreFreeSqlDemo.WebApi\NetCoreFreeSqlDemo.WebApi.csproj", "{3CCBF32C-5B3E-4A18-A01D-0889E75196CB}"
EndProject
Global
	GlobalSection(SolutionConfigurationPlatforms) = preSolution
		Debug|Any CPU = Debug|Any CPU
		Release|Any CPU = Release|Any CPU
	EndGlobalSection
	GlobalSection(ProjectConfigurationPlatforms) = postSolution
		{C312F6AA-76CC-4272-A690-231B9F3CA9E8}.Debug|Any CPU.ActiveCfg = Debug|Any CPU
		{C312F6AA-76CC-4272-A690-231B9F3CA9E8}.Debug|Any CPU.Build.0 = Debug|Any CPU
		{C312F6AA-76CC-4272-A690-231B9F3CA9E8}.Release|Any CPU.ActiveCfg = Release|Any CPU
		{C312F6AA-76CC-4272-A690-231B9F3CA9E8}.Release|Any CPU.Build.0 = Release|Any CPU
		{8791B8A9-1A64-4047-9D94-C2135C12D47C}.Debug|Any CPU.ActiveCfg = Debug|Any CPU
		{8791B8A9-1A64-4047-9D94-C2135C12D47C}.Debug|Any CPU.Build.0 = Debug|Any CPU
		{8791B8A9-1A64-4047-9D94-C2135C12D47C}.Release|Any CPU.ActiveCfg = Release|Any CPU
		{8791B8A9-1A64-4047-9D94-C2135C12D47C}.Release|Any CPU.Build.0 = Release|Any CPU
		{D5C4B086-84DA-45F2-9C91-7CA060ED430A}.Debug|Any CPU.ActiveCfg = Debug|Any CPU
		{D5C4B086-84DA-45F2-9C91-7CA060ED430A}.Debug|Any CPU.Build.0 = Debug|Any CPU
		{D5C4B086-84DA-45F2-9C91-7CA060ED430A}.Release|Any CPU.ActiveCfg = Release|Any CPU
		{D5C4B086-84DA-45F2-9C91-7CA060ED430A}.Release|Any CPU.Build.0 = Release|Any CPU
		{3CCBF32C-5B3E-4A18-A01D-0889E75196CB}.Debug|Any CPU.ActiveCfg = Debug|Any CPU
		{3CCBF32C-5B3E-4A18-A01D-0889E75196CB}.Debug|Any CPU.Build.0 = Debug|Any CPU
		{3CCBF32C-5B3E-4A18-A01D-0889E75196CB}.Release|Any CPU.ActiveCfg = Release|Any CPU
		{3CCBF32C-5B3E-4A18-A01D-0889E75196CB}.Release|Any CPU.Build.0 = Release|Any CPU
	EndGlobalSection
	GlobalSection(SolutionProperties) = preSolution
		HideSolutionNode = FALSE
	EndGlobalSection
	GlobalSection(NestedProjects) = preSolution
		{C312F6AA-76CC-4272-A690-231B9F3CA9E8} = {5C296079-27D4-4A6A-8A2F-FE7ADA9B89C0}
		{8791B8A9-1A64-4047-9D94-C2135C12D47C} = {5C296079-27D4-4A6A-8A2F-FE7ADA9B89C0}
		{D5C4B086-84DA-45F2-9C91-7CA060ED430A} = {5C296079-27D4-4A6A-8A2F-FE7ADA9B89C0}
		{3CCBF32C-5B3E-4A18-A01D-0889E75196CB} = {5C296079-27D4-4A6A-8A2F-FE7ADA9B89C0}
	EndGlobalSection
	GlobalSection(ExtensibilityGlobals) = postSolution
		SolutionGuid = {7E3A6187-C3BB-4473-966D-F415DB15E562}
	EndGlobalSection
EndGlobal
